# This file is generated by running "yarn install" inside your project.
# Manual changes might be lost - proceed with caution!

__metadata:
  version: 6
  cacheKey: 8

"@adraffy/ens-normalize@npm:1.10.0":
  version: 1.10.0
  resolution: "@adraffy/ens-normalize@npm:1.10.0"
  checksum: af0540f963a2632da2bbc37e36ea6593dcfc607b937857133791781e246d47f870d5e3d21fa70d5cfe94e772c284588c81ea3f5b7f4ea8fbb824369444e4dbcb
  languageName: node
  linkType: hard

"@ethereumjs/rlp@npm:^4.0.1":
  version: 4.0.1
  resolution: "@ethereumjs/rlp@npm:4.0.1"
  bin:
    rlp: bin/rlp
  checksum: 30db19c78faa2b6ff27275ab767646929207bb207f903f09eb3e4c273ce2738b45f3c82169ddacd67468b4f063d8d96035f2bf36f02b6b7e4d928eefe2e3ecbc
  languageName: node
  linkType: hard

"@ethereumjs/util@npm:^8.1.0":
  version: 8.1.0
  resolution: "@ethereumjs/util@npm:8.1.0"
  dependencies:
    "@ethereumjs/rlp": ^4.0.1
    ethereum-cryptography: ^2.0.0
    micro-ftch: ^0.3.1
  checksum: 9ae5dee8f12b0faf81cd83f06a41560e79b0ba96a48262771d897a510ecae605eb6d84f687da001ab8ccffd50f612ae50f988ef76e6312c752897f462f3ac08d
  languageName: node
  linkType: hard

"@noble/curves@npm:1.1.0, @noble/curves@npm:~1.1.0":
  version: 1.1.0
  resolution: "@noble/curves@npm:1.1.0"
  dependencies:
    "@noble/hashes": 1.3.1
  checksum: 2658cdd3f84f71079b4e3516c47559d22cf4b55c23ac8ee9d2b1f8e5b72916d9689e59820e0f9d9cb4a46a8423af5b56dc6bb7782405c88be06a015180508db5
  languageName: node
  linkType: hard

"@noble/curves@npm:1.2.0":
  version: 1.2.0
  resolution: "@noble/curves@npm:1.2.0"
  dependencies:
    "@noble/hashes": 1.3.2
  checksum: bb798d7a66d8e43789e93bc3c2ddff91a1e19fdb79a99b86cd98f1e5eff0ee2024a2672902c2576ef3577b6f282f3b5c778bebd55761ddbb30e36bf275e83dd0
  languageName: node
  linkType: hard

"@noble/hashes@npm:1.3.1":
  version: 1.3.1
  resolution: "@noble/hashes@npm:1.3.1"
  checksum: 7fdefc0f7a0c1ec27acc6ff88841793e3f93ec4ce6b8a6a12bfc0dd70ae6b7c4c82fe305fdfeda1735d5ad4a9eebe761e6693b3d355689c559e91242f4bc95b1
  languageName: node
  linkType: hard

"@noble/hashes@npm:1.3.2":
  version: 1.3.2
  resolution: "@noble/hashes@npm:1.3.2"
  checksum: fe23536b436539d13f90e4b9be843cc63b1b17666a07634a2b1259dded6f490be3d050249e6af98076ea8f2ea0d56f578773c2197f2aa0eeaa5fba5bc18ba474
  languageName: node
  linkType: hard

"@noble/hashes@npm:~1.3.0, @noble/hashes@npm:~1.3.1":
  version: 1.3.3
  resolution: "@noble/hashes@npm:1.3.3"
  checksum: 8a6496d1c0c64797339bc694ad06cdfaa0f9e56cd0c3f68ae3666cfb153a791a55deb0af9c653c7ed2db64d537aa3e3054629740d2f2338bb1dcb7ab60cd205b
  languageName: node
  linkType: hard

"@scure/base@npm:~1.1.0":
  version: 1.1.4
  resolution: "@scure/base@npm:1.1.4"
  checksum: 399cd89eb472e66f6e2c3eba5319d294214ace925b1e4975f0dce9b49b11e4d9ca19fc5a75f69da16fe826a9377822c3c1f710cda0c8d0623f6c988c66ac8af1
  languageName: node
  linkType: hard

"@scure/bip32@npm:1.3.1":
  version: 1.3.1
  resolution: "@scure/bip32@npm:1.3.1"
  dependencies:
    "@noble/curves": ~1.1.0
    "@noble/hashes": ~1.3.1
    "@scure/base": ~1.1.0
  checksum: 394d65f77a40651eba21a5096da0f4233c3b50d422864751d373fcf142eeedb94a1149f9ab1dbb078086dab2d0bc27e2b1afec8321bf22d4403c7df2fea5bfe2
  languageName: node
  linkType: hard

"@scure/bip39@npm:1.2.1":
  version: 1.2.1
  resolution: "@scure/bip39@npm:1.2.1"
  dependencies:
    "@noble/hashes": ~1.3.0
    "@scure/base": ~1.1.0
  checksum: c5bd6f1328fdbeae2dcdd891825b1610225310e5e62a4942714db51066866e4f7bef242c7b06a1b9dcc8043a4a13412cf5c5df76d3b10aa9e36b82e9b6e3eeaa
  languageName: node
  linkType: hard

"@types/node@npm:18.15.13":
  version: 18.15.13
  resolution: "@types/node@npm:18.15.13"
  checksum: 79cc5a2b5f98e8973061a4260a781425efd39161a0e117a69cd089603964816c1a14025e1387b4590c8e82d05133b7b4154fa53a7dffb3877890a66145e76515
  languageName: node
  linkType: hard

"@types/node@npm:^10.3.2":
  version: 10.17.60
  resolution: "@types/node@npm:10.17.60"
  checksum: 2cdb3a77d071ba8513e5e8306fa64bf50e3c3302390feeaeff1fd325dd25c8441369715dfc8e3701011a72fed5958c7dfa94eb9239a81b3c286caa4d97db6eef
  languageName: node
  linkType: hard

"@vechain/connex-driver@npm:^2.1.0":
  version: 2.1.0
  resolution: "@vechain/connex-driver@npm:2.1.0"
  dependencies:
    "@vechain/connex-types": ^2.1.0
    axios: ^0.21.1
    bignumber.js: ^7.2.1
    isomorphic-ws: ^4.0.1
    lru-cache: ^5.1.1
    thor-devkit: ^2.0.5
    ws: ^7.1.0
  checksum: 3c80609c5ef4e1776f7b3801ea3f05e79b330b3e0d69777a787df23270db1435f4dc4b12ba452f92ec55b4f4b75ac306f47fff5e0725ace3b7b930a5258d778a
  languageName: node
  linkType: hard

"@vechain/connex-framework@npm:^2.1.0":
  version: 2.1.0
  resolution: "@vechain/connex-framework@npm:2.1.0"
  dependencies:
    "@vechain/connex-types": ^2.1.0
    bignumber.js: ^7.2.1
    thor-devkit: ^2.0.5
    validator-ts: ^0.9.1
  checksum: cec6d0b76162054169494f28939d0c97201bf0839bb875cb8cccf978758e3285a65c2ee4ebec6bb8cbd5fab6be530861620577fbfb712fd3c586b210999182bf
  languageName: node
  linkType: hard

"@vechain/connex-types@npm:^2.0.2, @vechain/connex-types@npm:^2.1.0":
  version: 2.1.0
  resolution: "@vechain/connex-types@npm:2.1.0"
  checksum: ebb380c586d41fac9fed617fc7b6d7e0886dc7d222041cd07ecc0679c033a146a40416e1c2d7bdafd95b4512cfdf9d79e6ab8dd625afcc4f32fe7a09c3e40705
  languageName: node
  linkType: hard

"@vechain/connex@npm:^2.1.0":
  version: 2.1.0
  resolution: "@vechain/connex@npm:2.1.0"
  dependencies:
    "@vechain/connex-driver": ^2.1.0
    "@vechain/connex-framework": ^2.1.0
    randombytes: ^2.1.0
    thor-devkit: ^2.0.5
  checksum: 164b19f87989e3e84674f09384a10362f514e5dd75b9c73236694b08dc0e16ea928ed5288fec08179276cfa164e759e73e668665d5941f0165ad7a686823e7b9
  languageName: node
  linkType: hard

"@vechain/ethers@npm:^4.0.27-5":
  version: 4.0.27-5
  resolution: "@vechain/ethers@npm:4.0.27-5"
  dependencies:
    "@types/node": ^10.3.2
    aes-js: 3.0.0
    bn.js: ^4.4.0
    elliptic: 6.5.4
    hash.js: 1.1.3
    js-sha3: 0.5.7
    scrypt-js: 2.0.4
    setimmediate: 1.0.4
    uuid: 2.0.1
    xmlhttprequest: 1.8.0
  checksum: 896737360e8e34febc89a84c2c87170ba6af593b059c6f751175f6719661c4bd84960b1323677d056ee024633e8ddd6a72683b38346958bedd7ae8614f8f52c6
  languageName: node
  linkType: hard

"@vechain/web3-providers-connex@npm:^1.1.2":
  version: 1.1.2
  resolution: "@vechain/web3-providers-connex@npm:1.1.2"
  dependencies:
    "@vechain/connex-types": ^2.0.2
    eventemitter3: ^4.0.4
    thor-devkit: ^2.0.4
    web3-utils: ^1.7.3
  peerDependencies:
    ethers: ^6.7.1
  checksum: 3b9d49989ff02ab7b4cecf3173d92afc16320b46c4ced060e2ac578253b6d296a1477df176854f8c3a4e3c5f1fdc95a3139e0bfc55c7a7cc1b774569e879c2c0
  languageName: node
  linkType: hard

"aes-js@npm:3.0.0":
  version: 3.0.0
  resolution: "aes-js@npm:3.0.0"
  checksum: 251e26d533cd1a915b44896b17d5ed68c24a02484cfdd2e74ec700a309267db96651ea4eb657bf20aac32a3baa61f6e34edf8e2fec2de440a655da9942d334b8
  languageName: node
  linkType: hard

"aes-js@npm:4.0.0-beta.5":
  version: 4.0.0-beta.5
  resolution: "aes-js@npm:4.0.0-beta.5"
  checksum: cc2ea969d77df939c32057f7e361b6530aa6cb93cb10617a17a45cd164e6d761002f031ff6330af3e67e58b1f0a3a8fd0b63a720afd591a653b02f649470e15b
  languageName: node
  linkType: hard

"axios@npm:^0.21.1":
  version: 0.21.4
  resolution: "axios@npm:0.21.4"
  dependencies:
    follow-redirects: ^1.14.0
  checksum: 44245f24ac971e7458f3120c92f9d66d1fc695e8b97019139de5b0cc65d9b8104647db01e5f46917728edfc0cfd88eb30fc4c55e6053eef4ace76768ce95ff3c
  languageName: node
  linkType: hard

"bignumber.js@npm:^7.2.1":
  version: 7.2.1
  resolution: "bignumber.js@npm:7.2.1"
  checksum: c4eab705fb3293170f248f13f38a06d24591710864632f78b1637d361feaf07ce782cc6ea23c6984c8ddb030ad1883b813a251448527d55650b403e6f2cc7e67
  languageName: node
  linkType: hard

"blakejs@npm:^1.1.2":
  version: 1.2.1
  resolution: "blakejs@npm:1.2.1"
  checksum: d699ba116cfa21d0b01d12014a03e484dd76d483133e6dc9eb415aa70a119f08beb3bcefb8c71840106a00b542cba77383f8be60cd1f0d4589cb8afb922eefbe
  languageName: node
  linkType: hard

"bn.js@npm:4.11.6":
  version: 4.11.6
  resolution: "bn.js@npm:4.11.6"
  checksum: db23047bf06fdf9cf74401c8e76bca9f55313c81df382247d2c753868b368562e69171716b81b7038ada8860af18346fd4bcd1cf9d4963f923fe8e54e61cb58a
  languageName: node
  linkType: hard

"bn.js@npm:^4.11.9, bn.js@npm:^4.4.0":
  version: 4.12.0
  resolution: "bn.js@npm:4.12.0"
  checksum: 39afb4f15f4ea537b55eaf1446c896af28ac948fdcf47171961475724d1bb65118cca49fa6e3d67706e4790955ec0e74de584e45c8f1ef89f46c812bee5b5a12
  languageName: node
  linkType: hard

"bn.js@npm:^5.2.0, bn.js@npm:^5.2.1":
  version: 5.2.1
  resolution: "bn.js@npm:5.2.1"
  checksum: 3dd8c8d38055fedfa95c1d5fc3c99f8dd547b36287b37768db0abab3c239711f88ff58d18d155dd8ad902b0b0cee973747b7ae20ea12a09473272b0201c9edd3
  languageName: node
  linkType: hard

"brorand@npm:^1.1.0":
  version: 1.1.0
  resolution: "brorand@npm:1.1.0"
  checksum: 8a05c9f3c4b46572dec6ef71012b1946db6cae8c7bb60ccd4b7dd5a84655db49fe043ecc6272e7ef1f69dc53d6730b9e2a3a03a8310509a3d797a618cbee52be
  languageName: node
  linkType: hard

"ccip@workspace:.":
  version: 0.0.0-use.local
  resolution: "ccip@workspace:."
  dependencies:
    "@vechain/connex": ^2.1.0
    "@vechain/connex-driver": ^2.1.0
    "@vechain/connex-framework": ^2.1.0
    "@vechain/web3-providers-connex": ^1.1.2
    ethers: ^6.9.0
    thor-devkit: ^2.0.9
  languageName: unknown
  linkType: soft

"elliptic@npm:6.5.4":
  version: 6.5.4
  resolution: "elliptic@npm:6.5.4"
  dependencies:
    bn.js: ^4.11.9
    brorand: ^1.1.0
    hash.js: ^1.0.0
    hmac-drbg: ^1.0.1
    inherits: ^2.0.4
    minimalistic-assert: ^1.0.1
    minimalistic-crypto-utils: ^1.0.1
  checksum: d56d21fd04e97869f7ffcc92e18903b9f67f2d4637a23c860492fbbff5a3155fd9ca0184ce0c865dd6eb2487d234ce9551335c021c376cd2d3b7cb749c7d10f4
  languageName: node
  linkType: hard

"ethereum-bloom-filters@npm:^1.0.6":
  version: 1.0.10
  resolution: "ethereum-bloom-filters@npm:1.0.10"
  dependencies:
    js-sha3: ^0.8.0
  checksum: 4019cc6f9274ae271a52959194a72f6e9b013366f168f922dc3b349319faf7426bf1010125ee0676b4f75714fe4a440edd4e7e62342c121a046409f4cd4c0af9
  languageName: node
  linkType: hard

"ethereum-cryptography@npm:^2.0.0, ethereum-cryptography@npm:^2.1.2":
  version: 2.1.2
  resolution: "ethereum-cryptography@npm:2.1.2"
  dependencies:
    "@noble/curves": 1.1.0
    "@noble/hashes": 1.3.1
    "@scure/bip32": 1.3.1
    "@scure/bip39": 1.2.1
  checksum: 2e8f7b8cc90232ae838ab6a8167708e8362621404d26e79b5d9e762c7b53d699f7520aff358d9254de658fcd54d2d0af168ff909943259ed27dc4cef2736410c
  languageName: node
  linkType: hard

"ethers@npm:^6.9.0":
  version: 6.9.0
  resolution: "ethers@npm:6.9.0"
  dependencies:
    "@adraffy/ens-normalize": 1.10.0
    "@noble/curves": 1.2.0
    "@noble/hashes": 1.3.2
    "@types/node": 18.15.13
    aes-js: 4.0.0-beta.5
    tslib: 2.4.0
    ws: 8.5.0
  checksum: e7b3b912b92b818fe65a192b32f4dd87ce0b71f4ffc194b4b3764b4b17d3b6ed953b667293e4c9276f785fa8c8659934c513843350317c61178af8e6165afbdd
  languageName: node
  linkType: hard

"ethjs-unit@npm:0.1.6":
  version: 0.1.6
  resolution: "ethjs-unit@npm:0.1.6"
  dependencies:
    bn.js: 4.11.6
    number-to-bn: 1.7.0
  checksum: df6b4752ff7461a59a20219f4b1684c631ea601241c39660e3f6c6bd63c950189723841c22b3c6c0ebeb3c9fc99e0e803e3c613101206132603705fcbcf4def5
  languageName: node
  linkType: hard

"eventemitter3@npm:^4.0.4":
  version: 4.0.7
  resolution: "eventemitter3@npm:4.0.7"
  checksum: 1875311c42fcfe9c707b2712c32664a245629b42bb0a5a84439762dd0fd637fc54d078155ea83c2af9e0323c9ac13687e03cfba79b03af9f40c89b4960099374
  languageName: node
  linkType: hard

"fast-json-stable-stringify@npm:^2.1.0":
  version: 2.1.0
  resolution: "fast-json-stable-stringify@npm:2.1.0"
  checksum: b191531e36c607977e5b1c47811158733c34ccb3bfde92c44798929e9b4154884378536d26ad90dfecd32e1ffc09c545d23535ad91b3161a27ddbb8ebe0cbecb
  languageName: node
  linkType: hard

"follow-redirects@npm:^1.14.0":
  version: 1.15.3
  resolution: "follow-redirects@npm:1.15.3"
  peerDependenciesMeta:
    debug:
      optional: true
  checksum: 584da22ec5420c837bd096559ebfb8fe69d82512d5585004e36a3b4a6ef6d5905780e0c74508c7b72f907d1fa2b7bd339e613859e9c304d0dc96af2027fd0231
  languageName: node
  linkType: hard

"hash.js@npm:1.1.3":
  version: 1.1.3
  resolution: "hash.js@npm:1.1.3"
  dependencies:
    inherits: ^2.0.3
    minimalistic-assert: ^1.0.0
  checksum: 93de6f178bf71feee38f66868a57ecb5602d937c1ccd69951b0bfec1488813b6afdbb4a81ddb2c62488c419b4a35af352298b006f14c9cfbf5b872c4191b657f
  languageName: node
  linkType: hard

"hash.js@npm:^1.0.0, hash.js@npm:^1.0.3":
  version: 1.1.7
  resolution: "hash.js@npm:1.1.7"
  dependencies:
    inherits: ^2.0.3
    minimalistic-assert: ^1.0.1
  checksum: e350096e659c62422b85fa508e4b3669017311aa4c49b74f19f8e1bc7f3a54a584fdfd45326d4964d6011f2b2d882e38bea775a96046f2a61b7779a979629d8f
  languageName: node
  linkType: hard

"hmac-drbg@npm:^1.0.1":
  version: 1.0.1
  resolution: "hmac-drbg@npm:1.0.1"
  dependencies:
    hash.js: ^1.0.3
    minimalistic-assert: ^1.0.0
    minimalistic-crypto-utils: ^1.0.1
  checksum: bd30b6a68d7f22d63f10e1888aee497d7c2c5c0bb469e66bbdac99f143904d1dfe95f8131f95b3e86c86dd239963c9d972fcbe147e7cffa00e55d18585c43fe0
  languageName: node
  linkType: hard

"inherits@npm:^2.0.3, inherits@npm:^2.0.4":
  version: 2.0.4
  resolution: "inherits@npm:2.0.4"
  checksum: 4a48a733847879d6cf6691860a6b1e3f0f4754176e4d71494c41f3475553768b10f84b5ce1d40fbd0e34e6bfbb864ee35858ad4dd2cf31e02fc4a154b724d7f1
  languageName: node
  linkType: hard

"is-hex-prefixed@npm:1.0.0":
  version: 1.0.0
  resolution: "is-hex-prefixed@npm:1.0.0"
  checksum: 5ac58e6e528fb029cc43140f6eeb380fad23d0041cc23154b87f7c9a1b728bcf05909974e47248fd0b7fcc11ba33cf7e58d64804883056fabd23e2b898be41de
  languageName: node
  linkType: hard

"isomorphic-ws@npm:^4.0.1":
  version: 4.0.1
  resolution: "isomorphic-ws@npm:4.0.1"
  peerDependencies:
    ws: "*"
  checksum: d7190eadefdc28bdb93d67b5f0c603385aaf87724fa2974abb382ac1ec9756ed2cfb27065cbe76122879c2d452e2982bc4314317f3d6c737ddda6c047328771a
  languageName: node
  linkType: hard

"js-sha3@npm:0.5.7":
  version: 0.5.7
  resolution: "js-sha3@npm:0.5.7"
  checksum: 973a28ea4b26cc7f12d2ab24f796e24ee4a71eef45a6634a052f6eb38cf8b2333db798e896e6e094ea6fa4dfe8e42a2a7942b425cf40da3f866623fd05bb91ea
  languageName: node
  linkType: hard

"js-sha3@npm:^0.8.0":
  version: 0.8.0
  resolution: "js-sha3@npm:0.8.0"
  checksum: 75df77c1fc266973f06cce8309ce010e9e9f07ec35ab12022ed29b7f0d9c8757f5a73e1b35aa24840dced0dea7059085aa143d817aea9e188e2a80d569d9adce
  languageName: node
  linkType: hard

"lru-cache@npm:^5.1.1":
  version: 5.1.1
  resolution: "lru-cache@npm:5.1.1"
  dependencies:
    yallist: ^3.0.2
  checksum: c154ae1cbb0c2206d1501a0e94df349653c92c8cbb25236d7e85190bcaf4567a03ac6eb43166fabfa36fd35623694da7233e88d9601fbf411a9a481d85dbd2cb
  languageName: node
  linkType: hard

"micro-ftch@npm:^0.3.1":
  version: 0.3.1
  resolution: "micro-ftch@npm:0.3.1"
  checksum: 0e496547253a36e98a83fb00c628c53c3fb540fa5aaeaf718438873785afd193244988c09d219bb1802984ff227d04938d9571ef90fe82b48bd282262586aaff
  languageName: node
  linkType: hard

"minimalistic-assert@npm:^1.0.0, minimalistic-assert@npm:^1.0.1":
  version: 1.0.1
  resolution: "minimalistic-assert@npm:1.0.1"
  checksum: cc7974a9268fbf130fb055aff76700d7e2d8be5f761fb5c60318d0ed010d839ab3661a533ad29a5d37653133385204c503bfac995aaa4236f4e847461ea32ba7
  languageName: node
  linkType: hard

"minimalistic-crypto-utils@npm:^1.0.1":
  version: 1.0.1
  resolution: "minimalistic-crypto-utils@npm:1.0.1"
  checksum: 6e8a0422b30039406efd4c440829ea8f988845db02a3299f372fceba56ffa94994a9c0f2fd70c17f9969eedfbd72f34b5070ead9656a34d3f71c0bd72583a0ed
  languageName: node
  linkType: hard

"number-to-bn@npm:1.7.0":
  version: 1.7.0
  resolution: "number-to-bn@npm:1.7.0"
  dependencies:
    bn.js: 4.11.6
    strip-hex-prefix: 1.0.0
  checksum: 5b8c9dbe7b49dc7a069e5f0ba4e197257c89db11463478cb002fee7a34dc8868636952bd9f6310e5fdf22b266e0e6dffb5f9537c741734718107e90ae59b3de4
  languageName: node
  linkType: hard

"randombytes@npm:^2.1.0":
  version: 2.1.0
  resolution: "randombytes@npm:2.1.0"
  dependencies:
    safe-buffer: ^5.1.0
  checksum: d779499376bd4cbb435ef3ab9a957006c8682f343f14089ed5f27764e4645114196e75b7f6abf1cbd84fd247c0cb0651698444df8c9bf30e62120fbbc52269d6
  languageName: node
  linkType: hard

"rlp@npm:^2.0.0":
  version: 2.2.7
  resolution: "rlp@npm:2.2.7"
  dependencies:
    bn.js: ^5.2.0
  bin:
    rlp: bin/rlp
  checksum: 3db4dfe5c793f40ac7e0be689a1f75d05e6f2ca0c66189aeb62adab8c436b857ab4420a419251ee60370d41d957a55698fc5e23ab1e1b41715f33217bc4bb558
  languageName: node
  linkType: hard

"safe-buffer@npm:^5.1.0":
  version: 5.2.1
  resolution: "safe-buffer@npm:5.2.1"
  checksum: b99c4b41fdd67a6aaf280fcd05e9ffb0813654894223afb78a31f14a19ad220bba8aba1cb14eddce1fcfb037155fe6de4e861784eb434f7d11ed58d1e70dd491
  languageName: node
  linkType: hard

"scrypt-js@npm:2.0.4":
  version: 2.0.4
  resolution: "scrypt-js@npm:2.0.4"
  checksum: 679e8940953ebbef40863bfcc58f1d3058d4b7af0ca9bd8062d8213c30e14db59c6ebfc82a85fbd3b90b6d46b708be4c53b9c4bb200b6f50767dc08a846315a9
  languageName: node
  linkType: hard

"setimmediate@npm:1.0.4":
  version: 1.0.4
  resolution: "setimmediate@npm:1.0.4"
  checksum: 1d3726183ade73fa1c83bd562b05ae34e97802229d5b9292cde7ed03846524f04eb0fdd2131cc159103e3a7afb7c4e958b35bf960e3c4846fa50d94a3278be6f
  languageName: node
  linkType: hard

"strip-hex-prefix@npm:1.0.0":
  version: 1.0.0
  resolution: "strip-hex-prefix@npm:1.0.0"
  dependencies:
    is-hex-prefixed: 1.0.0
  checksum: 4cafe7caee1d281d3694d14920fd5d3c11adf09371cef7e2ccedd5b83efd9e9bd2219b5d6ce6e809df6e0f437dc9d30db1192116580875698aad164a6d6b285b
  languageName: node
  linkType: hard

"thor-devkit@npm:^2.0.4, thor-devkit@npm:^2.0.5, thor-devkit@npm:^2.0.9":
  version: 2.0.9
  resolution: "thor-devkit@npm:2.0.9"
  dependencies:
    "@vechain/ethers": ^4.0.27-5
    bignumber.js: ^7.2.1
    blakejs: ^1.1.2
    elliptic: 6.5.4
    fast-json-stable-stringify: ^2.1.0
    js-sha3: 0.5.7
    rlp: ^2.0.0
  checksum: 88fb41a8c66b4334c292742b0e737af519ee7d94054b3a82e489d3ef79584263571b299bb6b9d777c37581f4d3b76862c22ce87f5684fd39e71d8da0d9e91405
  languageName: node
  linkType: hard

"tslib@npm:2.4.0":
  version: 2.4.0
  resolution: "tslib@npm:2.4.0"
  checksum: 8c4aa6a3c5a754bf76aefc38026134180c053b7bd2f81338cb5e5ebf96fefa0f417bff221592bf801077f5bf990562f6264fecbc42cd3309b33872cb6fc3b113
  languageName: node
  linkType: hard

"utf8@npm:3.0.0":
  version: 3.0.0
  resolution: "utf8@npm:3.0.0"
  checksum: cb89a69ad9ab393e3eae9b25305b3ff08bebca9adc839191a34f90777eb2942f86a96369d2839925fea58f8f722f7e27031d697f10f5f39690f8c5047303e62d
  languageName: node
  linkType: hard

"uuid@npm:2.0.1":
  version: 2.0.1
  resolution: "uuid@npm:2.0.1"
  checksum: e129e494e33cededdfc2cefbd63da966344b873bbfd3373a311b0acc2e7ab53d68b2515879444898867d84b863e44939e852484b9f3a54c4fd86d985a7dadb8d
  languageName: node
  linkType: hard

"validator-ts@npm:^0.9.1":
  version: 0.9.1
  resolution: "validator-ts@npm:0.9.1"
  checksum: e699ff8d2ccaac05d7da6d3abcf21461b4b95e00172f4cdaee55ca4d545020b24d4a1cec0e8d6700e6e28001b054c3949bd6ea112da510c0d85b125806b7d627
  languageName: node
  linkType: hard

"web3-utils@npm:^1.7.3":
  version: 1.10.3
  resolution: "web3-utils@npm:1.10.3"
  dependencies:
    "@ethereumjs/util": ^8.1.0
    bn.js: ^5.2.1
    ethereum-bloom-filters: ^1.0.6
    ethereum-cryptography: ^2.1.2
    ethjs-unit: 0.1.6
    number-to-bn: 1.7.0
    randombytes: ^2.1.0
    utf8: 3.0.0
  checksum: 353226710b2089a8e84f2b97cc765093e3018b850d3a6d60c92fe012829fa15a54ad15d432f1927bc185c6ef5100397a32fd4a896da5f514817c3f53583df134
  languageName: node
  linkType: hard

"ws@npm:8.5.0":
  version: 8.5.0
  resolution: "ws@npm:8.5.0"
  peerDependencies:
    bufferutil: ^4.0.1
    utf-8-validate: ^5.0.2
  peerDependenciesMeta:
    bufferutil:
      optional: true
    utf-8-validate:
      optional: true
  checksum: 76f2f90e40344bf18fd544194e7067812fb1372b2a37865678d8f12afe4b478ff2ebc0c7c0aff82cd5e6b66fc43d889eec0f1865c2365d8f7a66d92da7744a77
  languageName: node
  linkType: hard

"ws@npm:^7.1.0":
  version: 7.5.9
  resolution: "ws@npm:7.5.9"
  peerDependencies:
    bufferutil: ^4.0.1
    utf-8-validate: ^5.0.2
  peerDependenciesMeta:
    bufferutil:
      optional: true
    utf-8-validate:
      optional: true
  checksum: c3c100a181b731f40b7f2fddf004aa023f79d64f489706a28bc23ff88e87f6a64b3c6651fbec3a84a53960b75159574d7a7385709847a62ddb7ad6af76f49138
  languageName: node
  linkType: hard

"xmlhttprequest@npm:1.8.0":
  version: 1.8.0
  resolution: "xmlhttprequest@npm:1.8.0"
  checksum: c891cf0d7884b4f5cce835aa01f1965727cd352cbd2d7a2e0605bf11ec99ae2198364cca54656ec8b2581a5704dee6c2bf9911922a0ff2a71b613455d32e81b7
  languageName: node
  linkType: hard

"yallist@npm:^3.0.2":
  version: 3.1.1
  resolution: "yallist@npm:3.1.1"
  checksum: 48f7bb00dc19fc635a13a39fe547f527b10c9290e7b3e836b9a8f1ca04d4d342e85714416b3c2ab74949c9c66f9cebb0473e6bc353b79035356103b47641285d
  languageName: node
  linkType: hard
